// !$*UTF8*$!
{
	archiveVersion = 1;
	classes = {
	};
	objectVersion = 46;
	objects = {

/* Begin PBXBuildFile section */
		05084EA7181FECD500FFFB93 /* MainStoryboard_iPad.storyboard in Resources */ = {isa = PBXBuildFile; fileRef = 05084EA6181FECD500FFFB93 /* MainStoryboard_iPad.storyboard */; };
		05087D701824DE8300219AA7 /* DOMTouchData+Extension.m in Sources */ = {isa = PBXBuildFile; fileRef = 05087D6F1824DE8300219AA7 /* DOMTouchData+Extension.m */; };
		05087D791824E65600219AA7 /* DOMDataFile.m in Sources */ = {isa = PBXBuildFile; fileRef = 05087D781824E65600219AA7 /* DOMDataFile.m */; };
		05098F1817B62859009D4FF5 /* Foundation.framework in Frameworks */ = {isa = PBXBuildFile; fileRef = 05098F1717B62859009D4FF5 /* Foundation.framework */; };
		05098F1A17B62859009D4FF5 /* CoreGraphics.framework in Frameworks */ = {isa = PBXBuildFile; fileRef = 05098F1917B62859009D4FF5 /* CoreGraphics.framework */; };
		05098F1C17B62859009D4FF5 /* UIKit.framework in Frameworks */ = {isa = PBXBuildFile; fileRef = 05098F1B17B62859009D4FF5 /* UIKit.framework */; };
		05098F2217B62859009D4FF5 /* InfoPlist.strings in Resources */ = {isa = PBXBuildFile; fileRef = 05098F2017B62859009D4FF5 /* InfoPlist.strings */; };
		05098F2417B62859009D4FF5 /* main.m in Sources */ = {isa = PBXBuildFile; fileRef = 05098F2317B62859009D4FF5 /* main.m */; };
		05098F2817B62859009D4FF5 /* DOMAppDelegate.m in Sources */ = {isa = PBXBuildFile; fileRef = 05098F2717B62859009D4FF5 /* DOMAppDelegate.m */; };
		05098F2A17B62859009D4FF5 /* Images.xcassets in Resources */ = {isa = PBXBuildFile; fileRef = 05098F2917B62859009D4FF5 /* Images.xcassets */; };
		05098F3117B62859009D4FF5 /* XCTest.framework in Frameworks */ = {isa = PBXBuildFile; fileRef = 05098F3017B62859009D4FF5 /* XCTest.framework */; };
		05098F3217B62859009D4FF5 /* Foundation.framework in Frameworks */ = {isa = PBXBuildFile; fileRef = 05098F1717B62859009D4FF5 /* Foundation.framework */; };
		05098F3317B62859009D4FF5 /* UIKit.framework in Frameworks */ = {isa = PBXBuildFile; fileRef = 05098F1B17B62859009D4FF5 /* UIKit.framework */; };
		05098F3B17B62859009D4FF5 /* InfoPlist.strings in Resources */ = {isa = PBXBuildFile; fileRef = 05098F3917B62859009D4FF5 /* InfoPlist.strings */; };
		05098F3D17B62859009D4FF5 /* DOMATITests.m in Sources */ = {isa = PBXBuildFile; fileRef = 05098F3C17B62859009D4FF5 /* DOMATITests.m */; };
		05098F4717B62BC8009D4FF5 /* MainStoryboard_iPhone.storyboard in Resources */ = {isa = PBXBuildFile; fileRef = 05098F4617B62BC8009D4FF5 /* MainStoryboard_iPhone.storyboard */; };
		05098F4817B62BC8009D4FF5 /* MainStoryboard_iPhone.storyboard in Resources */ = {isa = PBXBuildFile; fileRef = 05098F4617B62BC8009D4FF5 /* MainStoryboard_iPhone.storyboard */; };
		05098F4B17B62CF8009D4FF5 /* DOMObjectModelViewController.m in Sources */ = {isa = PBXBuildFile; fileRef = 05098F4A17B62CF8009D4FF5 /* DOMObjectModelViewController.m */; };
		05098F4C17B62CF8009D4FF5 /* DOMObjectModelViewController.m in Sources */ = {isa = PBXBuildFile; fileRef = 05098F4A17B62CF8009D4FF5 /* DOMObjectModelViewController.m */; };
		05098F4E17B62D42009D4FF5 /* GLKit.framework in Frameworks */ = {isa = PBXBuildFile; fileRef = 05098F4D17B62D42009D4FF5 /* GLKit.framework */; };
		05098F5017B62D48009D4FF5 /* OpenGLES.framework in Frameworks */ = {isa = PBXBuildFile; fileRef = 05098F4F17B62D48009D4FF5 /* OpenGLES.framework */; };
		05098F5317B62F7D009D4FF5 /* DOMInfoViewController.m in Sources */ = {isa = PBXBuildFile; fileRef = 05098F5217B62F7D009D4FF5 /* DOMInfoViewController.m */; };
		05098F5417B62F7D009D4FF5 /* DOMInfoViewController.m in Sources */ = {isa = PBXBuildFile; fileRef = 05098F5217B62F7D009D4FF5 /* DOMInfoViewController.m */; };
		05098F5A17B63820009D4FF5 /* MessageUI.framework in Frameworks */ = {isa = PBXBuildFile; fileRef = 05098F5917B63820009D4FF5 /* MessageUI.framework */; };
		050A8F40189CCBE30073E487 /* DOMCalibrationViewController.m in Sources */ = {isa = PBXBuildFile; fileRef = 050A8F3F189CCBE30073E487 /* DOMCalibrationViewController.m */; };
		050ACB15189A4DAC006F74DD /* DOMRequestOperationManager.m in Sources */ = {isa = PBXBuildFile; fileRef = 050ACB14189A4DAC006F74DD /* DOMRequestOperationManager.m */; };
		050ACB18189A4ED1006F74DD /* DOMDataFile+Extension.m in Sources */ = {isa = PBXBuildFile; fileRef = 050ACB17189A4ED1006F74DD /* DOMDataFile+Extension.m */; };
		050ACB1A189A4F41006F74DD /* Network.plist in Resources */ = {isa = PBXBuildFile; fileRef = 050ACB19189A4F41006F74DD /* Network.plist */; };
		051A8E291830C7EA007F9DCD /* DOMUserInfoViewController.m in Sources */ = {isa = PBXBuildFile; fileRef = 051A8E281830C7EA007F9DCD /* DOMUserInfoViewController.m */; };
		051A8E341830CB52007F9DCD /* DOMPickerCell.m in Sources */ = {isa = PBXBuildFile; fileRef = 051A8E331830CB52007F9DCD /* DOMPickerCell.m */; };
		05430128181D23ED0077435C /* DOMThemeResources.m in Sources */ = {isa = PBXBuildFile; fileRef = 05430127181D23ED0077435C /* DOMThemeResources.m */; };
		0543012B181D55660077435C /* DOMTableViewCell.m in Sources */ = {isa = PBXBuildFile; fileRef = 0543012A181D55660077435C /* DOMTableViewCell.m */; };
		05430131181D5B3A0077435C /* DOMNavigationController.m in Sources */ = {isa = PBXBuildFile; fileRef = 05430130181D5B3A0077435C /* DOMNavigationController.m */; };
		05457F96183104A2005CDEC4 /* DOMCalibrationPresenter.m in Sources */ = {isa = PBXBuildFile; fileRef = 05457F95183104A2005CDEC4 /* DOMCalibrationPresenter.m */; };
		054BA47717B778CB005532CE /* DOMCalibrationExpiryViewController.m in Sources */ = {isa = PBXBuildFile; fileRef = 054BA47617B778CB005532CE /* DOMCalibrationExpiryViewController.m */; };
		054BA47817B778CB005532CE /* DOMCalibrationExpiryViewController.m in Sources */ = {isa = PBXBuildFile; fileRef = 054BA47617B778CB005532CE /* DOMCalibrationExpiryViewController.m */; };
		054C30A317B7363000ABC9CF /* DOMCalibrationDataViewController.m in Sources */ = {isa = PBXBuildFile; fileRef = 054C30A217B7363000ABC9CF /* DOMCalibrationDataViewController.m */; };
		054C30A417B7363000ABC9CF /* DOMCalibrationDataViewController.m in Sources */ = {isa = PBXBuildFile; fileRef = 054C30A217B7363000ABC9CF /* DOMCalibrationDataViewController.m */; };
		054C30A817B7366800ABC9CF /* DOMCalibrationMonthsViewController.m in Sources */ = {isa = PBXBuildFile; fileRef = 054C30A717B7366800ABC9CF /* DOMCalibrationMonthsViewController.m */; };
		054C30A917B7366800ABC9CF /* DOMCalibrationMonthsViewController.m in Sources */ = {isa = PBXBuildFile; fileRef = 054C30A717B7366800ABC9CF /* DOMCalibrationMonthsViewController.m */; };
		054C30AC17B7368200ABC9CF /* DOMCalibrationMothDetailViewController.m in Sources */ = {isa = PBXBuildFile; fileRef = 054C30AB17B7368200ABC9CF /* DOMCalibrationMothDetailViewController.m */; };
		054C30AD17B7368200ABC9CF /* DOMCalibrationMothDetailViewController.m in Sources */ = {isa = PBXBuildFile; fileRef = 054C30AB17B7368200ABC9CF /* DOMCalibrationMothDetailViewController.m */; };
		0555262A1838BA0500659796 /* DOMSegmentCell.m in Sources */ = {isa = PBXBuildFile; fileRef = 055526291838BA0500659796 /* DOMSegmentCell.m */; };
		0555262D1838BA9900659796 /* DOMGenderSegmentCell.m in Sources */ = {isa = PBXBuildFile; fileRef = 0555262C1838BA9900659796 /* DOMGenderSegmentCell.m */; };
		05563B80182492CA00952A9E /* DOMStrengthGestureRecognizer.m in Sources */ = {isa = PBXBuildFile; fileRef = 05563B7F182492CA00952A9E /* DOMStrengthGestureRecognizer.m */; };
		05577B4C17B78A9A007802E6 /* QuickLook.framework in Frameworks */ = {isa = PBXBuildFile; fileRef = 05577B4B17B78A9A007802E6 /* QuickLook.framework */; };
		05577B4F17B78B5D007802E6 /* DOMPreviewItem.m in Sources */ = {isa = PBXBuildFile; fileRef = 05577B4E17B78B5D007802E6 /* DOMPreviewItem.m */; };
		05577B5017B78B5D007802E6 /* DOMPreviewItem.m in Sources */ = {isa = PBXBuildFile; fileRef = 05577B4E17B78B5D007802E6 /* DOMPreviewItem.m */; };
		0567AB0E189BE6E300BB74AF /* DOMTextFieldCell.m in Sources */ = {isa = PBXBuildFile; fileRef = 0567AB0D189BE6E300BB74AF /* DOMTextFieldCell.m */; };
		056D2BF71896444100C5910A /* DOMWelcomeViewController.m in Sources */ = {isa = PBXBuildFile; fileRef = 056D2BF61896444100C5910A /* DOMWelcomeViewController.m */; };
		056D2C011897D44500C5910A /* DOMUser.m in Sources */ = {isa = PBXBuildFile; fileRef = 056D2C001897D44500C5910A /* DOMUser.m */; };
		058FFC0117D9FA0B008ECB1B /* DOMCalibrationListViewController.m in Sources */ = {isa = PBXBuildFile; fileRef = 058FFC0017D9FA0B008ECB1B /* DOMCalibrationListViewController.m */; };
		058FFC0217D9FA0B008ECB1B /* DOMCalibrationListViewController.m in Sources */ = {isa = PBXBuildFile; fileRef = 058FFC0017D9FA0B008ECB1B /* DOMCalibrationListViewController.m */; };
		058FFC0517D9FAE1008ECB1B /* DOMATI.xcdatamodeld in Sources */ = {isa = PBXBuildFile; fileRef = 058FFC0317D9FAE1008ECB1B /* DOMATI.xcdatamodeld */; };
		058FFC0617D9FAE1008ECB1B /* DOMATI.xcdatamodeld in Sources */ = {isa = PBXBuildFile; fileRef = 058FFC0317D9FAE1008ECB1B /* DOMATI.xcdatamodeld */; };
		058FFC2217DA0AB0008ECB1B /* NSManagedObject+Appulse.m in Sources */ = {isa = PBXBuildFile; fileRef = 058FFC2117DA0AB0008ECB1B /* NSManagedObject+Appulse.m */; };
		058FFC2317DA0AB0008ECB1B /* NSManagedObject+Appulse.m in Sources */ = {isa = PBXBuildFile; fileRef = 058FFC2117DA0AB0008ECB1B /* NSManagedObject+Appulse.m */; };
		058FFC2617DA0AE0008ECB1B /* DOMCoreDataManager.m in Sources */ = {isa = PBXBuildFile; fileRef = 058FFC2517DA0AE0008ECB1B /* DOMCoreDataManager.m */; };
		058FFC2717DA0AE0008ECB1B /* DOMCoreDataManager.m in Sources */ = {isa = PBXBuildFile; fileRef = 058FFC2517DA0AE0008ECB1B /* DOMCoreDataManager.m */; };
		058FFC2B17DA0B43008ECB1B /* CoreData.framework in Frameworks */ = {isa = PBXBuildFile; fileRef = 058FFC2A17DA0B43008ECB1B /* CoreData.framework */; };
		0598D8CE1824F040007A526F /* UITouch+Extension.m in Sources */ = {isa = PBXBuildFile; fileRef = 0598D8CD1824F040007A526F /* UITouch+Extension.m */; };
		0599C56D17E58AD800F708C6 /* CoreMotion.framework in Frameworks */ = {isa = PBXBuildFile; fileRef = 0599C56C17E58AD800F708C6 /* CoreMotion.framework */; };
		059F3689182494B700927A2A /* DOMMotionManager.m in Sources */ = {isa = PBXBuildFile; fileRef = 059F3688182494B700927A2A /* DOMMotionManager.m */; };
		059F368E18249D0900927A2A /* DOMErrors.m in Sources */ = {isa = PBXBuildFile; fileRef = 059F368D18249D0900927A2A /* DOMErrors.m */; };
		05A5FD6A183A2DBF000F57C4 /* DOMTouchData.m in Sources */ = {isa = PBXBuildFile; fileRef = 05A5FD69183A2DBF000F57C4 /* DOMTouchData.m */; };
		05A5FD6D183A2F8F000F57C4 /* DOMCircleTouchView.m in Sources */ = {isa = PBXBuildFile; fileRef = 05A5FD6C183A2F8F000F57C4 /* DOMCircleTouchView.m */; };
		05AB7A351883B39900FDCBE6 /* NSError+Extension.m in Sources */ = {isa = PBXBuildFile; fileRef = 05AB7A341883B39900FDCBE6 /* NSError+Extension.m */; };
		05C4C660182F118A00E45F9D /* Project Proposal.pdf in Resources */ = {isa = PBXBuildFile; fileRef = 05C4C65F182F118A00E45F9D /* Project Proposal.pdf */; };
		05C702F1189C8D8A00E0AC35 /* DOMYearsPickerHandler.m in Sources */ = {isa = PBXBuildFile; fileRef = 05C702F0189C8D8A00E0AC35 /* DOMYearsPickerHandler.m */; };
		05C702F4189C8DBD00E0AC35 /* DOMExperiencePickerHandler.m in Sources */ = {isa = PBXBuildFile; fileRef = 05C702F3189C8DBD00E0AC35 /* DOMExperiencePickerHandler.m */; };
		05C702F7189C8DF500E0AC35 /* DOMPickerHandler.m in Sources */ = {isa = PBXBuildFile; fileRef = 05C702F6189C8DF500E0AC35 /* DOMPickerHandler.m */; };
		05C702FA189C9BC200E0AC35 /* DOMProfessionPickerHandler.m in Sources */ = {isa = PBXBuildFile; fileRef = 05C702F9189C9BC200E0AC35 /* DOMProfessionPickerHandler.m */; };
		05C702FC189C9BE700E0AC35 /* Professions.plist in Resources */ = {isa = PBXBuildFile; fileRef = 05C702FB189C9BE700E0AC35 /* Professions.plist */; };
		05C702FE189CA54E00E0AC35 /* TechExpMapping.plist in Resources */ = {isa = PBXBuildFile; fileRef = 05C702FD189CA54E00E0AC35 /* TechExpMapping.plist */; };
		05CDCD1F17BA0B7F00BA12E3 /* DOMGroupSelectionViewController.m in Sources */ = {isa = PBXBuildFile; fileRef = 05CDCD1E17BA0B7F00BA12E3 /* DOMGroupSelectionViewController.m */; };
		05CDCD2017BA0B7F00BA12E3 /* DOMGroupSelectionViewController.m in Sources */ = {isa = PBXBuildFile; fileRef = 05CDCD1E17BA0B7F00BA12E3 /* DOMGroupSelectionViewController.m */; };
		05CDCD2217BA0D3C00BA12E3 /* Groups.plist in Resources */ = {isa = PBXBuildFile; fileRef = 05CDCD2117BA0D3C00BA12E3 /* Groups.plist */; };
		05CDCD2317BA0D3C00BA12E3 /* Groups.plist in Resources */ = {isa = PBXBuildFile; fileRef = 05CDCD2117BA0D3C00BA12E3 /* Groups.plist */; };
		05CDCD2917BA107800BA12E3 /* DOMFingerCell.m in Sources */ = {isa = PBXBuildFile; fileRef = 05CDCD2817BA107800BA12E3 /* DOMFingerCell.m */; };
		05CDCD2A17BA107800BA12E3 /* DOMFingerCell.m in Sources */ = {isa = PBXBuildFile; fileRef = 05CDCD2817BA107800BA12E3 /* DOMFingerCell.m */; };
		05D273D7181E657C0005E31E /* DOMTableView.m in Sources */ = {isa = PBXBuildFile; fileRef = 05D273D6181E657C0005E31E /* DOMTableView.m */; };
		05D273DA181E65930005E31E /* DOMNavigationBar.m in Sources */ = {isa = PBXBuildFile; fileRef = 05D273D9181E65930005E31E /* DOMNavigationBar.m */; };
		05D273DF181E67110005E31E /* UITextView+Sharing.m in Sources */ = {isa = PBXBuildFile; fileRef = 05D273DE181E67110005E31E /* UITextView+Sharing.m */; };
		05D273E2181E67B70005E31E /* DOMProjectSummaryViewController.m in Sources */ = {isa = PBXBuildFile; fileRef = 05D273E1181E67B70005E31E /* DOMProjectSummaryViewController.m */; };
		05F0780C181CC4D2006EA8B0 /* DOMThemeManager.m in Sources */ = {isa = PBXBuildFile; fileRef = 05F0780B181CC4D2006EA8B0 /* DOMThemeManager.m */; };
		A5BF660DD26743C69D6E328A /* libPods-DOMATI.a in Frameworks */ = {isa = PBXBuildFile; fileRef = AD90268F6126446CA72059D3 /* libPods-DOMATI.a */; };
/* End PBXBuildFile section */

/* Begin PBXContainerItemProxy section */
		05098F3417B62859009D4FF5 /* PBXContainerItemProxy */ = {
			isa = PBXContainerItemProxy;
			containerPortal = 05098F0C17B62859009D4FF5 /* Project object */;
			proxyType = 1;
			remoteGlobalIDString = 05098F1317B62859009D4FF5;
			remoteInfo = DOMATI;
		};
/* End PBXContainerItemProxy section */

/* Begin PBXFileReference section */
		05084EA6181FECD500FFFB93 /* MainStoryboard_iPad.storyboard */ = {isa = PBXFileReference; fileEncoding = 4; lastKnownFileType = file.storyboard; path = MainStoryboard_iPad.storyboard; sourceTree = "<group>"; };
		05084EA8181FF27B00FFFB93 /* sharedHeaders.h */ = {isa = PBXFileReference; fileEncoding = 4; lastKnownFileType = sourcecode.c.h; path = sharedHeaders.h; sourceTree = "<group>"; };
		05087D6E1824DE8300219AA7 /* DOMTouchData+Extension.h */ = {isa = PBXFileReference; fileEncoding = 4; lastKnownFileType = sourcecode.c.h; path = "DOMTouchData+Extension.h"; sourceTree = "<group>"; };
		05087D6F1824DE8300219AA7 /* DOMTouchData+Extension.m */ = {isa = PBXFileReference; fileEncoding = 4; lastKnownFileType = sourcecode.c.objc; path = "DOMTouchData+Extension.m"; sourceTree = "<group>"; };
		05087D771824E65600219AA7 /* DOMDataFile.h */ = {isa = PBXFileReference; fileEncoding = 4; lastKnownFileType = sourcecode.c.h; path = DOMDataFile.h; sourceTree = "<group>"; };
		05087D781824E65600219AA7 /* DOMDataFile.m */ = {isa = PBXFileReference; fileEncoding = 4; lastKnownFileType = sourcecode.c.objc; path = DOMDataFile.m; sourceTree = "<group>"; };
		05098F1417B62859009D4FF5 /* DOMATI.app */ = {isa = PBXFileReference; explicitFileType = wrapper.application; includeInIndex = 0; path = DOMATI.app; sourceTree = BUILT_PRODUCTS_DIR; };
		05098F1717B62859009D4FF5 /* Foundation.framework */ = {isa = PBXFileReference; lastKnownFileType = wrapper.framework; name = Foundation.framework; path = System/Library/Frameworks/Foundation.framework; sourceTree = SDKROOT; };
		05098F1917B62859009D4FF5 /* CoreGraphics.framework */ = {isa = PBXFileReference; lastKnownFileType = wrapper.framework; name = CoreGraphics.framework; path = System/Library/Frameworks/CoreGraphics.framework; sourceTree = SDKROOT; };
		05098F1B17B62859009D4FF5 /* UIKit.framework */ = {isa = PBXFileReference; lastKnownFileType = wrapper.framework; name = UIKit.framework; path = System/Library/Frameworks/UIKit.framework; sourceTree = SDKROOT; };
		05098F1F17B62859009D4FF5 /* DOMATI-Info.plist */ = {isa = PBXFileReference; lastKnownFileType = text.plist.xml; path = "DOMATI-Info.plist"; sourceTree = "<group>"; };
		05098F2117B62859009D4FF5 /* en */ = {isa = PBXFileReference; lastKnownFileType = text.plist.strings; name = en; path = en.lproj/InfoPlist.strings; sourceTree = "<group>"; };
		05098F2317B62859009D4FF5 /* main.m */ = {isa = PBXFileReference; lastKnownFileType = sourcecode.c.objc; path = main.m; sourceTree = "<group>"; };
		05098F2517B62859009D4FF5 /* DOMATI-Prefix.pch */ = {isa = PBXFileReference; lastKnownFileType = sourcecode.c.h; path = "DOMATI-Prefix.pch"; sourceTree = "<group>"; };
		05098F2617B62859009D4FF5 /* DOMAppDelegate.h */ = {isa = PBXFileReference; lastKnownFileType = sourcecode.c.h; path = DOMAppDelegate.h; sourceTree = "<group>"; };
		05098F2717B62859009D4FF5 /* DOMAppDelegate.m */ = {isa = PBXFileReference; lastKnownFileType = sourcecode.c.objc; path = DOMAppDelegate.m; sourceTree = "<group>"; };
		05098F2917B62859009D4FF5 /* Images.xcassets */ = {isa = PBXFileReference; lastKnownFileType = folder.assetcatalog; path = Images.xcassets; sourceTree = "<group>"; };
		05098F2F17B62859009D4FF5 /* DOMATITests.xctest */ = {isa = PBXFileReference; explicitFileType = wrapper.cfbundle; includeInIndex = 0; path = DOMATITests.xctest; sourceTree = BUILT_PRODUCTS_DIR; };
		05098F3017B62859009D4FF5 /* XCTest.framework */ = {isa = PBXFileReference; lastKnownFileType = wrapper.framework; name = XCTest.framework; path = Library/Frameworks/XCTest.framework; sourceTree = DEVELOPER_DIR; };
		05098F3817B62859009D4FF5 /* DOMATITests-Info.plist */ = {isa = PBXFileReference; lastKnownFileType = text.plist.xml; path = "DOMATITests-Info.plist"; sourceTree = "<group>"; };
		05098F3A17B62859009D4FF5 /* en */ = {isa = PBXFileReference; lastKnownFileType = text.plist.strings; name = en; path = en.lproj/InfoPlist.strings; sourceTree = "<group>"; };
		05098F3C17B62859009D4FF5 /* DOMATITests.m */ = {isa = PBXFileReference; lastKnownFileType = sourcecode.c.objc; path = DOMATITests.m; sourceTree = "<group>"; };
		05098F4617B62BC8009D4FF5 /* MainStoryboard_iPhone.storyboard */ = {isa = PBXFileReference; fileEncoding = 4; lastKnownFileType = file.storyboard; path = MainStoryboard_iPhone.storyboard; sourceTree = "<group>"; };
		05098F4917B62CF8009D4FF5 /* DOMObjectModelViewController.h */ = {isa = PBXFileReference; fileEncoding = 4; lastKnownFileType = sourcecode.c.h; path = DOMObjectModelViewController.h; sourceTree = "<group>"; };
		05098F4A17B62CF8009D4FF5 /* DOMObjectModelViewController.m */ = {isa = PBXFileReference; fileEncoding = 4; lastKnownFileType = sourcecode.c.objc; path = DOMObjectModelViewController.m; sourceTree = "<group>"; };
		05098F4D17B62D42009D4FF5 /* GLKit.framework */ = {isa = PBXFileReference; lastKnownFileType = wrapper.framework; name = GLKit.framework; path = System/Library/Frameworks/GLKit.framework; sourceTree = SDKROOT; };
		05098F4F17B62D48009D4FF5 /* OpenGLES.framework */ = {isa = PBXFileReference; lastKnownFileType = wrapper.framework; name = OpenGLES.framework; path = System/Library/Frameworks/OpenGLES.framework; sourceTree = SDKROOT; };
		05098F5117B62F7D009D4FF5 /* DOMInfoViewController.h */ = {isa = PBXFileReference; fileEncoding = 4; lastKnownFileType = sourcecode.c.h; path = DOMInfoViewController.h; sourceTree = "<group>"; };
		05098F5217B62F7D009D4FF5 /* DOMInfoViewController.m */ = {isa = PBXFileReference; fileEncoding = 4; lastKnownFileType = sourcecode.c.objc; path = DOMInfoViewController.m; sourceTree = "<group>"; };
		05098F5917B63820009D4FF5 /* MessageUI.framework */ = {isa = PBXFileReference; lastKnownFileType = wrapper.framework; name = MessageUI.framework; path = System/Library/Frameworks/MessageUI.framework; sourceTree = SDKROOT; };
		050A8F3E189CCBE30073E487 /* DOMCalibrationViewController.h */ = {isa = PBXFileReference; fileEncoding = 4; lastKnownFileType = sourcecode.c.h; path = DOMCalibrationViewController.h; sourceTree = "<group>"; };
		050A8F3F189CCBE30073E487 /* DOMCalibrationViewController.m */ = {isa = PBXFileReference; fileEncoding = 4; lastKnownFileType = sourcecode.c.objc; path = DOMCalibrationViewController.m; sourceTree = "<group>"; };
		050ACB13189A4DAC006F74DD /* DOMRequestOperationManager.h */ = {isa = PBXFileReference; fileEncoding = 4; lastKnownFileType = sourcecode.c.h; path = DOMRequestOperationManager.h; sourceTree = "<group>"; };
		050ACB14189A4DAC006F74DD /* DOMRequestOperationManager.m */ = {isa = PBXFileReference; fileEncoding = 4; lastKnownFileType = sourcecode.c.objc; path = DOMRequestOperationManager.m; sourceTree = "<group>"; };
		050ACB16189A4ED1006F74DD /* DOMDataFile+Extension.h */ = {isa = PBXFileReference; fileEncoding = 4; lastKnownFileType = sourcecode.c.h; path = "DOMDataFile+Extension.h"; sourceTree = "<group>"; };
		050ACB17189A4ED1006F74DD /* DOMDataFile+Extension.m */ = {isa = PBXFileReference; fileEncoding = 4; lastKnownFileType = sourcecode.c.objc; path = "DOMDataFile+Extension.m"; sourceTree = "<group>"; };
		050ACB19189A4F41006F74DD /* Network.plist */ = {isa = PBXFileReference; fileEncoding = 4; lastKnownFileType = text.plist.xml; path = Network.plist; sourceTree = "<group>"; };
		051A8E271830C7EA007F9DCD /* DOMUserInfoViewController.h */ = {isa = PBXFileReference; fileEncoding = 4; lastKnownFileType = sourcecode.c.h; path = DOMUserInfoViewController.h; sourceTree = "<group>"; };
		051A8E281830C7EA007F9DCD /* DOMUserInfoViewController.m */ = {isa = PBXFileReference; fileEncoding = 4; lastKnownFileType = sourcecode.c.objc; path = DOMUserInfoViewController.m; sourceTree = "<group>"; };
		051A8E321830CB52007F9DCD /* DOMPickerCell.h */ = {isa = PBXFileReference; fileEncoding = 4; lastKnownFileType = sourcecode.c.h; path = DOMPickerCell.h; sourceTree = "<group>"; };
		051A8E331830CB52007F9DCD /* DOMPickerCell.m */ = {isa = PBXFileReference; fileEncoding = 4; lastKnownFileType = sourcecode.c.objc; path = DOMPickerCell.m; sourceTree = "<group>"; };
		05430126181D23ED0077435C /* DOMThemeResources.h */ = {isa = PBXFileReference; fileEncoding = 4; lastKnownFileType = sourcecode.c.h; path = DOMThemeResources.h; sourceTree = "<group>"; };
		05430127181D23ED0077435C /* DOMThemeResources.m */ = {isa = PBXFileReference; fileEncoding = 4; lastKnownFileType = sourcecode.c.objc; path = DOMThemeResources.m; sourceTree = "<group>"; };
		05430129181D55660077435C /* DOMTableViewCell.h */ = {isa = PBXFileReference; fileEncoding = 4; lastKnownFileType = sourcecode.c.h; path = DOMTableViewCell.h; sourceTree = "<group>"; };
		0543012A181D55660077435C /* DOMTableViewCell.m */ = {isa = PBXFileReference; fileEncoding = 4; lastKnownFileType = sourcecode.c.objc; path = DOMTableViewCell.m; sourceTree = "<group>"; };
		0543012F181D5B3A0077435C /* DOMNavigationController.h */ = {isa = PBXFileReference; fileEncoding = 4; lastKnownFileType = sourcecode.c.h; path = DOMNavigationController.h; sourceTree = "<group>"; };
		05430130181D5B3A0077435C /* DOMNavigationController.m */ = {isa = PBXFileReference; fileEncoding = 4; lastKnownFileType = sourcecode.c.objc; path = DOMNavigationController.m; sourceTree = "<group>"; };
		05457F94183104A2005CDEC4 /* DOMCalibrationPresenter.h */ = {isa = PBXFileReference; fileEncoding = 4; lastKnownFileType = sourcecode.c.h; path = DOMCalibrationPresenter.h; sourceTree = "<group>"; };
		05457F95183104A2005CDEC4 /* DOMCalibrationPresenter.m */ = {isa = PBXFileReference; fileEncoding = 4; lastKnownFileType = sourcecode.c.objc; path = DOMCalibrationPresenter.m; sourceTree = "<group>"; };
		054BA47517B778CB005532CE /* DOMCalibrationExpiryViewController.h */ = {isa = PBXFileReference; fileEncoding = 4; lastKnownFileType = sourcecode.c.h; path = DOMCalibrationExpiryViewController.h; sourceTree = "<group>"; };
		054BA47617B778CB005532CE /* DOMCalibrationExpiryViewController.m */ = {isa = PBXFileReference; fileEncoding = 4; lastKnownFileType = sourcecode.c.objc; path = DOMCalibrationExpiryViewController.m; sourceTree = "<group>"; };
		054C30A117B7363000ABC9CF /* DOMCalibrationDataViewController.h */ = {isa = PBXFileReference; fileEncoding = 4; lastKnownFileType = sourcecode.c.h; path = DOMCalibrationDataViewController.h; sourceTree = "<group>"; };
		054C30A217B7363000ABC9CF /* DOMCalibrationDataViewController.m */ = {isa = PBXFileReference; fileEncoding = 4; lastKnownFileType = sourcecode.c.objc; path = DOMCalibrationDataViewController.m; sourceTree = "<group>"; };
		054C30A617B7366800ABC9CF /* DOMCalibrationMonthsViewController.h */ = {isa = PBXFileReference; fileEncoding = 4; lastKnownFileType = sourcecode.c.h; path = DOMCalibrationMonthsViewController.h; sourceTree = "<group>"; };
		054C30A717B7366800ABC9CF /* DOMCalibrationMonthsViewController.m */ = {isa = PBXFileReference; fileEncoding = 4; lastKnownFileType = sourcecode.c.objc; path = DOMCalibrationMonthsViewController.m; sourceTree = "<group>"; };
		054C30AA17B7368200ABC9CF /* DOMCalibrationMothDetailViewController.h */ = {isa = PBXFileReference; fileEncoding = 4; lastKnownFileType = sourcecode.c.h; path = DOMCalibrationMothDetailViewController.h; sourceTree = "<group>"; };
		054C30AB17B7368200ABC9CF /* DOMCalibrationMothDetailViewController.m */ = {isa = PBXFileReference; fileEncoding = 4; lastKnownFileType = sourcecode.c.objc; path = DOMCalibrationMothDetailViewController.m; sourceTree = "<group>"; };
		055526281838BA0500659796 /* DOMSegmentCell.h */ = {isa = PBXFileReference; fileEncoding = 4; lastKnownFileType = sourcecode.c.h; path = DOMSegmentCell.h; sourceTree = "<group>"; };
		055526291838BA0500659796 /* DOMSegmentCell.m */ = {isa = PBXFileReference; fileEncoding = 4; lastKnownFileType = sourcecode.c.objc; path = DOMSegmentCell.m; sourceTree = "<group>"; };
		0555262B1838BA9900659796 /* DOMGenderSegmentCell.h */ = {isa = PBXFileReference; fileEncoding = 4; lastKnownFileType = sourcecode.c.h; path = DOMGenderSegmentCell.h; sourceTree = "<group>"; };
		0555262C1838BA9900659796 /* DOMGenderSegmentCell.m */ = {isa = PBXFileReference; fileEncoding = 4; lastKnownFileType = sourcecode.c.objc; path = DOMGenderSegmentCell.m; sourceTree = "<group>"; };
		05563B7E182492CA00952A9E /* DOMStrengthGestureRecognizer.h */ = {isa = PBXFileReference; fileEncoding = 4; lastKnownFileType = sourcecode.c.h; path = DOMStrengthGestureRecognizer.h; sourceTree = "<group>"; };
		05563B7F182492CA00952A9E /* DOMStrengthGestureRecognizer.m */ = {isa = PBXFileReference; fileEncoding = 4; lastKnownFileType = sourcecode.c.objc; path = DOMStrengthGestureRecognizer.m; sourceTree = "<group>"; };
		05577B4B17B78A9A007802E6 /* QuickLook.framework */ = {isa = PBXFileReference; lastKnownFileType = wrapper.framework; name = QuickLook.framework; path = System/Library/Frameworks/QuickLook.framework; sourceTree = SDKROOT; };
		05577B4D17B78B5D007802E6 /* DOMPreviewItem.h */ = {isa = PBXFileReference; fileEncoding = 4; lastKnownFileType = sourcecode.c.h; path = DOMPreviewItem.h; sourceTree = "<group>"; };
		05577B4E17B78B5D007802E6 /* DOMPreviewItem.m */ = {isa = PBXFileReference; fileEncoding = 4; lastKnownFileType = sourcecode.c.objc; path = DOMPreviewItem.m; sourceTree = "<group>"; };
		0567AB0C189BE6E300BB74AF /* DOMTextFieldCell.h */ = {isa = PBXFileReference; fileEncoding = 4; lastKnownFileType = sourcecode.c.h; path = DOMTextFieldCell.h; sourceTree = "<group>"; };
		0567AB0D189BE6E300BB74AF /* DOMTextFieldCell.m */ = {isa = PBXFileReference; fileEncoding = 4; lastKnownFileType = sourcecode.c.objc; path = DOMTextFieldCell.m; sourceTree = "<group>"; };
		056D2BF51896444100C5910A /* DOMWelcomeViewController.h */ = {isa = PBXFileReference; fileEncoding = 4; lastKnownFileType = sourcecode.c.h; path = DOMWelcomeViewController.h; sourceTree = "<group>"; };
		056D2BF61896444100C5910A /* DOMWelcomeViewController.m */ = {isa = PBXFileReference; fileEncoding = 4; lastKnownFileType = sourcecode.c.objc; path = DOMWelcomeViewController.m; sourceTree = "<group>"; };
		056D2BFF1897D44500C5910A /* DOMUser.h */ = {isa = PBXFileReference; fileEncoding = 4; lastKnownFileType = sourcecode.c.h; path = DOMUser.h; sourceTree = "<group>"; };
		056D2C001897D44500C5910A /* DOMUser.m */ = {isa = PBXFileReference; fileEncoding = 4; lastKnownFileType = sourcecode.c.objc; path = DOMUser.m; sourceTree = "<group>"; };
		058FFBFF17D9FA0B008ECB1B /* DOMCalibrationListViewController.h */ = {isa = PBXFileReference; fileEncoding = 4; lastKnownFileType = sourcecode.c.h; path = DOMCalibrationListViewController.h; sourceTree = "<group>"; };
		058FFC0017D9FA0B008ECB1B /* DOMCalibrationListViewController.m */ = {isa = PBXFileReference; fileEncoding = 4; lastKnownFileType = sourcecode.c.objc; path = DOMCalibrationListViewController.m; sourceTree = "<group>"; };
		058FFC0417D9FAE1008ECB1B /* DOMATI.xcdatamodel */ = {isa = PBXFileReference; lastKnownFileType = wrapper.xcdatamodel; path = DOMATI.xcdatamodel; sourceTree = "<group>"; };
		058FFC2017DA0AB0008ECB1B /* NSManagedObject+Appulse.h */ = {isa = PBXFileReference; fileEncoding = 4; lastKnownFileType = sourcecode.c.h; path = "NSManagedObject+Appulse.h"; sourceTree = "<group>"; };
		058FFC2117DA0AB0008ECB1B /* NSManagedObject+Appulse.m */ = {isa = PBXFileReference; fileEncoding = 4; lastKnownFileType = sourcecode.c.objc; path = "NSManagedObject+Appulse.m"; sourceTree = "<group>"; };
		058FFC2417DA0AE0008ECB1B /* DOMCoreDataManager.h */ = {isa = PBXFileReference; fileEncoding = 4; lastKnownFileType = sourcecode.c.h; path = DOMCoreDataManager.h; sourceTree = "<group>"; };
		058FFC2517DA0AE0008ECB1B /* DOMCoreDataManager.m */ = {isa = PBXFileReference; fileEncoding = 4; lastKnownFileType = sourcecode.c.objc; path = DOMCoreDataManager.m; sourceTree = "<group>"; };
		058FFC2A17DA0B43008ECB1B /* CoreData.framework */ = {isa = PBXFileReference; lastKnownFileType = wrapper.framework; name = CoreData.framework; path = System/Library/Frameworks/CoreData.framework; sourceTree = SDKROOT; };
		0598D8CC1824F040007A526F /* UITouch+Extension.h */ = {isa = PBXFileReference; fileEncoding = 4; lastKnownFileType = sourcecode.c.h; path = "UITouch+Extension.h"; sourceTree = "<group>"; };
		0598D8CD1824F040007A526F /* UITouch+Extension.m */ = {isa = PBXFileReference; fileEncoding = 4; lastKnownFileType = sourcecode.c.objc; path = "UITouch+Extension.m"; sourceTree = "<group>"; };
		0599C56C17E58AD800F708C6 /* CoreMotion.framework */ = {isa = PBXFileReference; lastKnownFileType = wrapper.framework; name = CoreMotion.framework; path = System/Library/Frameworks/CoreMotion.framework; sourceTree = SDKROOT; };
		059F3687182494B700927A2A /* DOMMotionManager.h */ = {isa = PBXFileReference; fileEncoding = 4; lastKnownFileType = sourcecode.c.h; path = DOMMotionManager.h; sourceTree = "<group>"; };
		059F3688182494B700927A2A /* DOMMotionManager.m */ = {isa = PBXFileReference; fileEncoding = 4; lastKnownFileType = sourcecode.c.objc; path = DOMMotionManager.m; sourceTree = "<group>"; };
		059F368C18249D0900927A2A /* DOMErrors.h */ = {isa = PBXFileReference; fileEncoding = 4; lastKnownFileType = sourcecode.c.h; path = DOMErrors.h; sourceTree = "<group>"; };
		059F368D18249D0900927A2A /* DOMErrors.m */ = {isa = PBXFileReference; fileEncoding = 4; lastKnownFileType = sourcecode.c.objc; path = DOMErrors.m; sourceTree = "<group>"; };
		05A00DFA189CEF7200532878 /* DOMATI.entitlements */ = {isa = PBXFileReference; lastKnownFileType = text.xml; path = DOMATI.entitlements; sourceTree = "<group>"; };
		05A5FD68183A2DBF000F57C4 /* DOMTouchData.h */ = {isa = PBXFileReference; fileEncoding = 4; lastKnownFileType = sourcecode.c.h; path = DOMTouchData.h; sourceTree = "<group>"; };
		05A5FD69183A2DBF000F57C4 /* DOMTouchData.m */ = {isa = PBXFileReference; fileEncoding = 4; lastKnownFileType = sourcecode.c.objc; path = DOMTouchData.m; sourceTree = "<group>"; };
		05A5FD6B183A2F8F000F57C4 /* DOMCircleTouchView.h */ = {isa = PBXFileReference; fileEncoding = 4; lastKnownFileType = sourcecode.c.h; path = DOMCircleTouchView.h; sourceTree = "<group>"; };
		05A5FD6C183A2F8F000F57C4 /* DOMCircleTouchView.m */ = {isa = PBXFileReference; fileEncoding = 4; lastKnownFileType = sourcecode.c.objc; path = DOMCircleTouchView.m; sourceTree = "<group>"; };
		05AB7A331883B39900FDCBE6 /* NSError+Extension.h */ = {isa = PBXFileReference; fileEncoding = 4; lastKnownFileType = sourcecode.c.h; path = "NSError+Extension.h"; sourceTree = "<group>"; };
		05AB7A341883B39900FDCBE6 /* NSError+Extension.m */ = {isa = PBXFileReference; fileEncoding = 4; lastKnownFileType = sourcecode.c.objc; path = "NSError+Extension.m"; sourceTree = "<group>"; };
		05C4C65F182F118A00E45F9D /* Project Proposal.pdf */ = {isa = PBXFileReference; lastKnownFileType = image.pdf; path = "Project Proposal.pdf"; sourceTree = "<group>"; };
		05C702EF189C8D8A00E0AC35 /* DOMYearsPickerHandler.h */ = {isa = PBXFileReference; fileEncoding = 4; lastKnownFileType = sourcecode.c.h; path = DOMYearsPickerHandler.h; sourceTree = "<group>"; };
		05C702F0189C8D8A00E0AC35 /* DOMYearsPickerHandler.m */ = {isa = PBXFileReference; fileEncoding = 4; lastKnownFileType = sourcecode.c.objc; path = DOMYearsPickerHandler.m; sourceTree = "<group>"; };
		05C702F2189C8DBC00E0AC35 /* DOMExperiencePickerHandler.h */ = {isa = PBXFileReference; fileEncoding = 4; lastKnownFileType = sourcecode.c.h; path = DOMExperiencePickerHandler.h; sourceTree = "<group>"; };
		05C702F3189C8DBD00E0AC35 /* DOMExperiencePickerHandler.m */ = {isa = PBXFileReference; fileEncoding = 4; lastKnownFileType = sourcecode.c.objc; path = DOMExperiencePickerHandler.m; sourceTree = "<group>"; };
		05C702F5189C8DF500E0AC35 /* DOMPickerHandler.h */ = {isa = PBXFileReference; fileEncoding = 4; lastKnownFileType = sourcecode.c.h; path = DOMPickerHandler.h; sourceTree = "<group>"; };
		05C702F6189C8DF500E0AC35 /* DOMPickerHandler.m */ = {isa = PBXFileReference; fileEncoding = 4; lastKnownFileType = sourcecode.c.objc; path = DOMPickerHandler.m; sourceTree = "<group>"; };
		05C702F8189C9BC200E0AC35 /* DOMProfessionPickerHandler.h */ = {isa = PBXFileReference; fileEncoding = 4; lastKnownFileType = sourcecode.c.h; path = DOMProfessionPickerHandler.h; sourceTree = "<group>"; };
		05C702F9189C9BC200E0AC35 /* DOMProfessionPickerHandler.m */ = {isa = PBXFileReference; fileEncoding = 4; lastKnownFileType = sourcecode.c.objc; path = DOMProfessionPickerHandler.m; sourceTree = "<group>"; };
		05C702FB189C9BE700E0AC35 /* Professions.plist */ = {isa = PBXFileReference; fileEncoding = 4; lastKnownFileType = text.plist.xml; path = Professions.plist; sourceTree = "<group>"; };
		05C702FD189CA54E00E0AC35 /* TechExpMapping.plist */ = {isa = PBXFileReference; fileEncoding = 4; lastKnownFileType = text.plist.xml; path = TechExpMapping.plist; sourceTree = "<group>"; };
		05CDCD1D17BA0B7F00BA12E3 /* DOMGroupSelectionViewController.h */ = {isa = PBXFileReference; fileEncoding = 4; lastKnownFileType = sourcecode.c.h; path = DOMGroupSelectionViewController.h; sourceTree = "<group>"; };
		05CDCD1E17BA0B7F00BA12E3 /* DOMGroupSelectionViewController.m */ = {isa = PBXFileReference; fileEncoding = 4; lastKnownFileType = sourcecode.c.objc; path = DOMGroupSelectionViewController.m; sourceTree = "<group>"; };
		05CDCD2117BA0D3C00BA12E3 /* Groups.plist */ = {isa = PBXFileReference; fileEncoding = 4; lastKnownFileType = text.plist.xml; path = Groups.plist; sourceTree = "<group>"; };
		05CDCD2717BA107800BA12E3 /* DOMFingerCell.h */ = {isa = PBXFileReference; fileEncoding = 4; lastKnownFileType = sourcecode.c.h; path = DOMFingerCell.h; sourceTree = "<group>"; };
		05CDCD2817BA107800BA12E3 /* DOMFingerCell.m */ = {isa = PBXFileReference; fileEncoding = 4; lastKnownFileType = sourcecode.c.objc; path = DOMFingerCell.m; sourceTree = "<group>"; };
		05D273D5181E657C0005E31E /* DOMTableView.h */ = {isa = PBXFileReference; fileEncoding = 4; lastKnownFileType = sourcecode.c.h; path = DOMTableView.h; sourceTree = "<group>"; };
		05D273D6181E657C0005E31E /* DOMTableView.m */ = {isa = PBXFileReference; fileEncoding = 4; lastKnownFileType = sourcecode.c.objc; path = DOMTableView.m; sourceTree = "<group>"; };
		05D273D8181E65930005E31E /* DOMNavigationBar.h */ = {isa = PBXFileReference; fileEncoding = 4; lastKnownFileType = sourcecode.c.h; path = DOMNavigationBar.h; sourceTree = "<group>"; };
		05D273D9181E65930005E31E /* DOMNavigationBar.m */ = {isa = PBXFileReference; fileEncoding = 4; lastKnownFileType = sourcecode.c.objc; path = DOMNavigationBar.m; sourceTree = "<group>"; };
		05D273DD181E67110005E31E /* UITextView+Sharing.h */ = {isa = PBXFileReference; fileEncoding = 4; lastKnownFileType = sourcecode.c.h; path = "UITextView+Sharing.h"; sourceTree = "<group>"; };
		05D273DE181E67110005E31E /* UITextView+Sharing.m */ = {isa = PBXFileReference; fileEncoding = 4; lastKnownFileType = sourcecode.c.objc; path = "UITextView+Sharing.m"; sourceTree = "<group>"; };
		05D273E0181E67B70005E31E /* DOMProjectSummaryViewController.h */ = {isa = PBXFileReference; fileEncoding = 4; lastKnownFileType = sourcecode.c.h; path = DOMProjectSummaryViewController.h; sourceTree = "<group>"; };
		05D273E1181E67B70005E31E /* DOMProjectSummaryViewController.m */ = {isa = PBXFileReference; fileEncoding = 4; lastKnownFileType = sourcecode.c.objc; path = DOMProjectSummaryViewController.m; sourceTree = "<group>"; };
		05F0780A181CC4D2006EA8B0 /* DOMThemeManager.h */ = {isa = PBXFileReference; fileEncoding = 4; lastKnownFileType = sourcecode.c.h; path = DOMThemeManager.h; sourceTree = "<group>"; };
		05F0780B181CC4D2006EA8B0 /* DOMThemeManager.m */ = {isa = PBXFileReference; fileEncoding = 4; lastKnownFileType = sourcecode.c.objc; path = DOMThemeManager.m; sourceTree = "<group>"; };
		63A432A8A6054321847F6A3E /* Pods-DOMATI.xcconfig */ = {isa = PBXFileReference; includeInIndex = 1; lastKnownFileType = text.xcconfig; name = "Pods-DOMATI.xcconfig"; path = "Pods/Pods-DOMATI.xcconfig"; sourceTree = "<group>"; };
		AD90268F6126446CA72059D3 /* libPods-DOMATI.a */ = {isa = PBXFileReference; explicitFileType = archive.ar; includeInIndex = 0; path = "libPods-DOMATI.a"; sourceTree = BUILT_PRODUCTS_DIR; };
/* End PBXFileReference section */

/* Begin PBXFrameworksBuildPhase section */
		05098F1117B62859009D4FF5 /* Frameworks */ = {
			isa = PBXFrameworksBuildPhase;
			buildActionMask = 2147483647;
			files = (
				0599C56D17E58AD800F708C6 /* CoreMotion.framework in Frameworks */,
				058FFC2B17DA0B43008ECB1B /* CoreData.framework in Frameworks */,
				05577B4C17B78A9A007802E6 /* QuickLook.framework in Frameworks */,
				05098F5A17B63820009D4FF5 /* MessageUI.framework in Frameworks */,
				05098F5017B62D48009D4FF5 /* OpenGLES.framework in Frameworks */,
				05098F4E17B62D42009D4FF5 /* GLKit.framework in Frameworks */,
				05098F1A17B62859009D4FF5 /* CoreGraphics.framework in Frameworks */,
				05098F1C17B62859009D4FF5 /* UIKit.framework in Frameworks */,
				05098F1817B62859009D4FF5 /* Foundation.framework in Frameworks */,
				A5BF660DD26743C69D6E328A /* libPods-DOMATI.a in Frameworks */,
			);
			runOnlyForDeploymentPostprocessing = 0;
		};
		05098F2C17B62859009D4FF5 /* Frameworks */ = {
			isa = PBXFrameworksBuildPhase;
			buildActionMask = 2147483647;
			files = (
				05098F3117B62859009D4FF5 /* XCTest.framework in Frameworks */,
				05098F3317B62859009D4FF5 /* UIKit.framework in Frameworks */,
				05098F3217B62859009D4FF5 /* Foundation.framework in Frameworks */,
			);
			runOnlyForDeploymentPostprocessing = 0;
		};
/* End PBXFrameworksBuildPhase section */

/* Begin PBXGroup section */
		05098F0B17B62859009D4FF5 = {
			isa = PBXGroup;
			children = (
				05098F1D17B62859009D4FF5 /* DOMATI */,
				05098F3617B62859009D4FF5 /* DOMATITests */,
				05098F1617B62859009D4FF5 /* Frameworks */,
				05098F1517B62859009D4FF5 /* Products */,
				63A432A8A6054321847F6A3E /* Pods-DOMATI.xcconfig */,
			);
			sourceTree = "<group>";
		};
		05098F1517B62859009D4FF5 /* Products */ = {
			isa = PBXGroup;
			children = (
				05098F1417B62859009D4FF5 /* DOMATI.app */,
				05098F2F17B62859009D4FF5 /* DOMATITests.xctest */,
			);
			name = Products;
			sourceTree = "<group>";
		};
		05098F1617B62859009D4FF5 /* Frameworks */ = {
			isa = PBXGroup;
			children = (
				0599C56C17E58AD800F708C6 /* CoreMotion.framework */,
				058FFC2A17DA0B43008ECB1B /* CoreData.framework */,
				05577B4B17B78A9A007802E6 /* QuickLook.framework */,
				05098F5917B63820009D4FF5 /* MessageUI.framework */,
				05098F4F17B62D48009D4FF5 /* OpenGLES.framework */,
				05098F4D17B62D42009D4FF5 /* GLKit.framework */,
				05098F1717B62859009D4FF5 /* Foundation.framework */,
				05098F1917B62859009D4FF5 /* CoreGraphics.framework */,
				05098F1B17B62859009D4FF5 /* UIKit.framework */,
				05098F3017B62859009D4FF5 /* XCTest.framework */,
				AD90268F6126446CA72059D3 /* libPods-DOMATI.a */,
			);
			name = Frameworks;
			sourceTree = "<group>";
		};
		05098F1D17B62859009D4FF5 /* DOMATI */ = {
			isa = PBXGroup;
			children = (
				05A00DFA189CEF7200532878 /* DOMATI.entitlements */,
				05098F2617B62859009D4FF5 /* DOMAppDelegate.h */,
				05098F2717B62859009D4FF5 /* DOMAppDelegate.m */,
				05098F4617B62BC8009D4FF5 /* MainStoryboard_iPhone.storyboard */,
				05084EA6181FECD500FFFB93 /* MainStoryboard_iPad.storyboard */,
				054BA47417B7789D005532CE /* Views & Controllers */,
				058FFC0A17D9FBCE008ECB1B /* Event Handling */,
				05CDCD2417BA101E00BA12E3 /* Others */,
				056D2BFE1897D43800C5910A /* Model */,
				050ACB12189A4D9F006F74DD /* Network */,
				05577B4817B789B7007802E6 /* Resources */,
				05098F1E17B62859009D4FF5 /* Supporting Files */,
				05098F2917B62859009D4FF5 /* Images.xcassets */,
			);
			path = DOMATI;
			sourceTree = "<group>";
		};
		05098F1E17B62859009D4FF5 /* Supporting Files */ = {
			isa = PBXGroup;
			children = (
				05098F1F17B62859009D4FF5 /* DOMATI-Info.plist */,
				05098F2017B62859009D4FF5 /* InfoPlist.strings */,
				05098F2517B62859009D4FF5 /* DOMATI-Prefix.pch */,
				05084EA8181FF27B00FFFB93 /* sharedHeaders.h */,
				05098F2317B62859009D4FF5 /* main.m */,
			);
			name = "Supporting Files";
			sourceTree = "<group>";
		};
		05098F3617B62859009D4FF5 /* DOMATITests */ = {
			isa = PBXGroup;
			children = (
				05098F3C17B62859009D4FF5 /* DOMATITests.m */,
				05098F3717B62859009D4FF5 /* Supporting Files */,
			);
			path = DOMATITests;
			sourceTree = "<group>";
		};
		05098F3717B62859009D4FF5 /* Supporting Files */ = {
			isa = PBXGroup;
			children = (
				05098F3817B62859009D4FF5 /* DOMATITests-Info.plist */,
				05098F3917B62859009D4FF5 /* InfoPlist.strings */,
			);
			name = "Supporting Files";
			sourceTree = "<group>";
		};
		050ACB12189A4D9F006F74DD /* Network */ = {
			isa = PBXGroup;
			children = (
				050ACB13189A4DAC006F74DD /* DOMRequestOperationManager.h */,
				050ACB14189A4DAC006F74DD /* DOMRequestOperationManager.m */,
			);
			name = Network;
			sourceTree = "<group>";
		};
		051A8E2A1830C7ED007F9DCD /* Calibration */ = {
			isa = PBXGroup;
			children = (
				051A8E271830C7EA007F9DCD /* DOMUserInfoViewController.h */,
				051A8E281830C7EA007F9DCD /* DOMUserInfoViewController.m */,
				050A8F3E189CCBE30073E487 /* DOMCalibrationViewController.h */,
				050A8F3F189CCBE30073E487 /* DOMCalibrationViewController.m */,
				052DEBCE1835DE20009DEEF4 /* Presenter */,
				052DEBCF1835DE2F009DEEF4 /* Picker Handlers */,
				051A8E311830CB14007F9DCD /* Cells */,
			);
			name = Calibration;
			sourceTree = "<group>";
		};
		051A8E311830CB14007F9DCD /* Cells */ = {
			isa = PBXGroup;
			children = (
				0555262B1838BA9900659796 /* DOMGenderSegmentCell.h */,
				0555262C1838BA9900659796 /* DOMGenderSegmentCell.m */,
				0567AB0C189BE6E300BB74AF /* DOMTextFieldCell.h */,
				0567AB0D189BE6E300BB74AF /* DOMTextFieldCell.m */,
			);
			name = Cells;
			sourceTree = "<group>";
		};
		0525D8D717B8C89F00E91CB6 /* Categories */ = {
			isa = PBXGroup;
			children = (
				058FFC2017DA0AB0008ECB1B /* NSManagedObject+Appulse.h */,
				058FFC2117DA0AB0008ECB1B /* NSManagedObject+Appulse.m */,
				05D273DD181E67110005E31E /* UITextView+Sharing.h */,
				05D273DE181E67110005E31E /* UITextView+Sharing.m */,
				0598D8CC1824F040007A526F /* UITouch+Extension.h */,
				0598D8CD1824F040007A526F /* UITouch+Extension.m */,
				05AB7A331883B39900FDCBE6 /* NSError+Extension.h */,
				05AB7A341883B39900FDCBE6 /* NSError+Extension.m */,
			);
			name = Categories;
			sourceTree = "<group>";
		};
		052DEBCE1835DE20009DEEF4 /* Presenter */ = {
			isa = PBXGroup;
			children = (
				05457F94183104A2005CDEC4 /* DOMCalibrationPresenter.h */,
				05457F95183104A2005CDEC4 /* DOMCalibrationPresenter.m */,
			);
			name = Presenter;
			sourceTree = "<group>";
		};
		052DEBCF1835DE2F009DEEF4 /* Picker Handlers */ = {
			isa = PBXGroup;
			children = (
				05C702F5189C8DF500E0AC35 /* DOMPickerHandler.h */,
				05C702F6189C8DF500E0AC35 /* DOMPickerHandler.m */,
				05C702EF189C8D8A00E0AC35 /* DOMYearsPickerHandler.h */,
				05C702F0189C8D8A00E0AC35 /* DOMYearsPickerHandler.m */,
				05C702F2189C8DBC00E0AC35 /* DOMExperiencePickerHandler.h */,
				05C702F3189C8DBD00E0AC35 /* DOMExperiencePickerHandler.m */,
				05C702F8189C9BC200E0AC35 /* DOMProfessionPickerHandler.h */,
				05C702F9189C9BC200E0AC35 /* DOMProfessionPickerHandler.m */,
			);
			name = "Picker Handlers";
			sourceTree = "<group>";
		};
		054066801835D0A30026BB5F /* Table Cells */ = {
			isa = PBXGroup;
			children = (
				05430129181D55660077435C /* DOMTableViewCell.h */,
				0543012A181D55660077435C /* DOMTableViewCell.m */,
				051A8E321830CB52007F9DCD /* DOMPickerCell.h */,
				051A8E331830CB52007F9DCD /* DOMPickerCell.m */,
				055526281838BA0500659796 /* DOMSegmentCell.h */,
				055526291838BA0500659796 /* DOMSegmentCell.m */,
			);
			name = "Table Cells";
			sourceTree = "<group>";
		};
		054066811835D0B60026BB5F /* Table */ = {
			isa = PBXGroup;
			children = (
				05D273D5181E657C0005E31E /* DOMTableView.h */,
				05D273D6181E657C0005E31E /* DOMTableView.m */,
				054066801835D0A30026BB5F /* Table Cells */,
			);
			name = Table;
			sourceTree = "<group>";
		};
		054066821835D0C20026BB5F /* Navigation */ = {
			isa = PBXGroup;
			children = (
				05D273D8181E65930005E31E /* DOMNavigationBar.h */,
				05D273D9181E65930005E31E /* DOMNavigationBar.m */,
				0543012F181D5B3A0077435C /* DOMNavigationController.h */,
				05430130181D5B3A0077435C /* DOMNavigationController.m */,
			);
			name = Navigation;
			sourceTree = "<group>";
		};
		054BA47417B7789D005532CE /* Views & Controllers */ = {
			isa = PBXGroup;
			children = (
				05098F4917B62CF8009D4FF5 /* DOMObjectModelViewController.h */,
				05098F4A17B62CF8009D4FF5 /* DOMObjectModelViewController.m */,
				056D2BF81896444400C5910A /* Welcome */,
				051A8E2A1830C7ED007F9DCD /* Calibration */,
				05CDCD2617BA104D00BA12E3 /* Group Selection */,
				058FFC0917D9FBB3008ECB1B /* Info Menu */,
			);
			name = "Views & Controllers";
			sourceTree = "<group>";
		};
		05577B4817B789B7007802E6 /* Resources */ = {
			isa = PBXGroup;
			children = (
				050ACB19189A4F41006F74DD /* Network.plist */,
				05C702FB189C9BE700E0AC35 /* Professions.plist */,
				05C702FD189CA54E00E0AC35 /* TechExpMapping.plist */,
				05CDCD2117BA0D3C00BA12E3 /* Groups.plist */,
				05C4C65F182F118A00E45F9D /* Project Proposal.pdf */,
			);
			name = Resources;
			sourceTree = "<group>";
		};
		05577B5117B78B61007802E6 /* Quick Look */ = {
			isa = PBXGroup;
			children = (
				05577B4D17B78B5D007802E6 /* DOMPreviewItem.h */,
				05577B4E17B78B5D007802E6 /* DOMPreviewItem.m */,
			);
			name = "Quick Look";
			sourceTree = "<group>";
		};
		056D2BF81896444400C5910A /* Welcome */ = {
			isa = PBXGroup;
			children = (
				056D2BF51896444100C5910A /* DOMWelcomeViewController.h */,
				056D2BF61896444100C5910A /* DOMWelcomeViewController.m */,
			);
			name = Welcome;
			sourceTree = "<group>";
		};
		056D2BFE1897D43800C5910A /* Model */ = {
			isa = PBXGroup;
			children = (
				058FFC0717D9FAE5008ECB1B /* Core Data */,
				056D2BFF1897D44500C5910A /* DOMUser.h */,
				056D2C001897D44500C5910A /* DOMUser.m */,
			);
			name = Model;
			sourceTree = "<group>";
		};
		058FFC0717D9FAE5008ECB1B /* Core Data */ = {
			isa = PBXGroup;
			children = (
				058FFC2417DA0AE0008ECB1B /* DOMCoreDataManager.h */,
				058FFC2517DA0AE0008ECB1B /* DOMCoreDataManager.m */,
				058FFC0317D9FAE1008ECB1B /* DOMATI.xcdatamodeld */,
				058FFC3417DA1424008ECB1B /* Managed Objects */,
			);
			name = "Core Data";
			sourceTree = "<group>";
		};
		058FFC0917D9FBB3008ECB1B /* Info Menu */ = {
			isa = PBXGroup;
			children = (
				05098F5117B62F7D009D4FF5 /* DOMInfoViewController.h */,
				05098F5217B62F7D009D4FF5 /* DOMInfoViewController.m */,
				05D273E7181E79680005E31E /* Documents */,
				05CDCD2517BA104400BA12E3 /* Calibration Data */,
			);
			name = "Info Menu";
			sourceTree = "<group>";
		};
		058FFC0A17D9FBCE008ECB1B /* Event Handling */ = {
			isa = PBXGroup;
			children = (
				05563B7E182492CA00952A9E /* DOMStrengthGestureRecognizer.h */,
				05563B7F182492CA00952A9E /* DOMStrengthGestureRecognizer.m */,
				059F368B182494D200927A2A /* Motion */,
			);
			name = "Event Handling";
			sourceTree = "<group>";
		};
		058FFC3417DA1424008ECB1B /* Managed Objects */ = {
			isa = PBXGroup;
			children = (
				05A5FD68183A2DBF000F57C4 /* DOMTouchData.h */,
				05A5FD69183A2DBF000F57C4 /* DOMTouchData.m */,
				05087D771824E65600219AA7 /* DOMDataFile.h */,
				05087D781824E65600219AA7 /* DOMDataFile.m */,
				059F36B61824DCC300927A2A /* Categories */,
			);
			name = "Managed Objects";
			sourceTree = "<group>";
		};
		059F368B182494D200927A2A /* Motion */ = {
			isa = PBXGroup;
			children = (
				059F3687182494B700927A2A /* DOMMotionManager.h */,
				059F3688182494B700927A2A /* DOMMotionManager.m */,
			);
			name = Motion;
			sourceTree = "<group>";
		};
		059F36B61824DCC300927A2A /* Categories */ = {
			isa = PBXGroup;
			children = (
				05087D6E1824DE8300219AA7 /* DOMTouchData+Extension.h */,
				05087D6F1824DE8300219AA7 /* DOMTouchData+Extension.m */,
				050ACB16189A4ED1006F74DD /* DOMDataFile+Extension.h */,
				050ACB17189A4ED1006F74DD /* DOMDataFile+Extension.m */,
			);
			name = Categories;
			sourceTree = "<group>";
		};
		05A5FD6E183A2F93000F57C4 /* Circle Touch */ = {
			isa = PBXGroup;
			children = (
				05A5FD6B183A2F8F000F57C4 /* DOMCircleTouchView.h */,
				05A5FD6C183A2F8F000F57C4 /* DOMCircleTouchView.m */,
			);
			name = "Circle Touch";
			sourceTree = "<group>";
		};
		05CDCD2417BA101E00BA12E3 /* Others */ = {
			isa = PBXGroup;
			children = (
				05A5FD6E183A2F93000F57C4 /* Circle Touch */,
				05D273DB181E659C0005E31E /* Theme */,
				05577B5117B78B61007802E6 /* Quick Look */,
				0525D8D717B8C89F00E91CB6 /* Categories */,
				059F368C18249D0900927A2A /* DOMErrors.h */,
				059F368D18249D0900927A2A /* DOMErrors.m */,
			);
			name = Others;
			sourceTree = "<group>";
		};
		05CDCD2517BA104400BA12E3 /* Calibration Data */ = {
			isa = PBXGroup;
			children = (
				05D273E3181E79120005E31E /* Lists */,
				05D273E4181E79290005E31E /* Data */,
				05D273E5181E79330005E31E /* Expiry */,
			);
			name = "Calibration Data";
			sourceTree = "<group>";
		};
		05CDCD2617BA104D00BA12E3 /* Group Selection */ = {
			isa = PBXGroup;
			children = (
				05CDCD1D17BA0B7F00BA12E3 /* DOMGroupSelectionViewController.h */,
				05CDCD1E17BA0B7F00BA12E3 /* DOMGroupSelectionViewController.m */,
				05CDCD2B17BA107B00BA12E3 /* Cells */,
			);
			name = "Group Selection";
			sourceTree = "<group>";
		};
		05CDCD2B17BA107B00BA12E3 /* Cells */ = {
			isa = PBXGroup;
			children = (
				05CDCD2717BA107800BA12E3 /* DOMFingerCell.h */,
				05CDCD2817BA107800BA12E3 /* DOMFingerCell.m */,
			);
			name = Cells;
			sourceTree = "<group>";
		};
		05D273DB181E659C0005E31E /* Theme */ = {
			isa = PBXGroup;
			children = (
				05F0780A181CC4D2006EA8B0 /* DOMThemeManager.h */,
				05F0780B181CC4D2006EA8B0 /* DOMThemeManager.m */,
				05430126181D23ED0077435C /* DOMThemeResources.h */,
				05430127181D23ED0077435C /* DOMThemeResources.m */,
				05D273DC181E65A10005E31E /* Theme Classes */,
			);
			name = Theme;
			sourceTree = "<group>";
		};
		05D273DC181E65A10005E31E /* Theme Classes */ = {
			isa = PBXGroup;
			children = (
				054066811835D0B60026BB5F /* Table */,
				054066821835D0C20026BB5F /* Navigation */,
			);
			name = "Theme Classes";
			sourceTree = "<group>";
		};
		05D273E3181E79120005E31E /* Lists */ = {
			isa = PBXGroup;
			children = (
				058FFBFF17D9FA0B008ECB1B /* DOMCalibrationListViewController.h */,
				058FFC0017D9FA0B008ECB1B /* DOMCalibrationListViewController.m */,
				054C30A617B7366800ABC9CF /* DOMCalibrationMonthsViewController.h */,
				054C30A717B7366800ABC9CF /* DOMCalibrationMonthsViewController.m */,
				054C30AA17B7368200ABC9CF /* DOMCalibrationMothDetailViewController.h */,
				054C30AB17B7368200ABC9CF /* DOMCalibrationMothDetailViewController.m */,
			);
			name = Lists;
			sourceTree = "<group>";
		};
		05D273E4181E79290005E31E /* Data */ = {
			isa = PBXGroup;
			children = (
				054C30A117B7363000ABC9CF /* DOMCalibrationDataViewController.h */,
				054C30A217B7363000ABC9CF /* DOMCalibrationDataViewController.m */,
			);
			name = Data;
			sourceTree = "<group>";
		};
		05D273E5181E79330005E31E /* Expiry */ = {
			isa = PBXGroup;
			children = (
				054BA47517B778CB005532CE /* DOMCalibrationExpiryViewController.h */,
				054BA47617B778CB005532CE /* DOMCalibrationExpiryViewController.m */,
			);
			name = Expiry;
			sourceTree = "<group>";
		};
		05D273E7181E79680005E31E /* Documents */ = {
			isa = PBXGroup;
			children = (
				05D273E0181E67B70005E31E /* DOMProjectSummaryViewController.h */,
				05D273E1181E67B70005E31E /* DOMProjectSummaryViewController.m */,
			);
			name = Documents;
			sourceTree = "<group>";
		};
/* End PBXGroup section */

/* Begin PBXNativeTarget section */
		05098F1317B62859009D4FF5 /* DOMATI */ = {
			isa = PBXNativeTarget;
			buildConfigurationList = 05098F4017B62859009D4FF5 /* Build configuration list for PBXNativeTarget "DOMATI" */;
			buildPhases = (
				8AAA5317B92C48F18363D6E5 /* Check Pods Manifest.lock */,
				05098F1017B62859009D4FF5 /* Sources */,
				05098F1117B62859009D4FF5 /* Frameworks */,
				05098F1217B62859009D4FF5 /* Resources */,
				1CCB5E19B38E4655AE643056 /* Copy Pods Resources */,
			);
			buildRules = (
			);
			dependencies = (
			);
			name = DOMATI;
			productName = DOMATI;
			productReference = 05098F1417B62859009D4FF5 /* DOMATI.app */;
			productType = "com.apple.product-type.application";
		};
		05098F2E17B62859009D4FF5 /* DOMATITests */ = {
			isa = PBXNativeTarget;
			buildConfigurationList = 05098F4317B62859009D4FF5 /* Build configuration list for PBXNativeTarget "DOMATITests" */;
			buildPhases = (
				05098F2B17B62859009D4FF5 /* Sources */,
				05098F2C17B62859009D4FF5 /* Frameworks */,
				05098F2D17B62859009D4FF5 /* Resources */,
			);
			buildRules = (
			);
			dependencies = (
				05098F3517B62859009D4FF5 /* PBXTargetDependency */,
			);
			name = DOMATITests;
			productName = DOMATITests;
			productReference = 05098F2F17B62859009D4FF5 /* DOMATITests.xctest */;
			productType = "com.apple.product-type.bundle.unit-test";
		};
/* End PBXNativeTarget section */

/* Begin PBXProject section */
		05098F0C17B62859009D4FF5 /* Project object */ = {
			isa = PBXProject;
			attributes = {
				CLASSPREFIX = DOM;
				LastUpgradeCheck = 0500;
				ORGANIZATIONNAME = Jad;
				TargetAttributes = {
					05098F1317B62859009D4FF5 = {
						DevelopmentTeam = GGB7WW5V29;
						SystemCapabilities = {
							com.apple.InterAppAudio = {
								enabled = 0;
							};
							com.apple.iCloud = {
								enabled = 1;
							};
						};
					};
					05098F2E17B62859009D4FF5 = {
						TestTargetID = 05098F1317B62859009D4FF5;
					};
				};
			};
			buildConfigurationList = 05098F0F17B62859009D4FF5 /* Build configuration list for PBXProject "DOMATI" */;
			compatibilityVersion = "Xcode 3.2";
			developmentRegion = English;
			hasScannedForEncodings = 0;
			knownRegions = (
				en,
			);
			mainGroup = 05098F0B17B62859009D4FF5;
			productRefGroup = 05098F1517B62859009D4FF5 /* Products */;
			projectDirPath = "";
			projectRoot = "";
			targets = (
				05098F1317B62859009D4FF5 /* DOMATI */,
				05098F2E17B62859009D4FF5 /* DOMATITests */,
			);
		};
/* End PBXProject section */

/* Begin PBXResourcesBuildPhase section */
		05098F1217B62859009D4FF5 /* Resources */ = {
			isa = PBXResourcesBuildPhase;
			buildActionMask = 2147483647;
			files = (
				05098F4717B62BC8009D4FF5 /* MainStoryboard_iPhone.storyboard in Resources */,
				05C702FE189CA54E00E0AC35 /* TechExpMapping.plist in Resources */,
				05098F2217B62859009D4FF5 /* InfoPlist.strings in Resources */,
				05084EA7181FECD500FFFB93 /* MainStoryboard_iPad.storyboard in Resources */,
				05C4C660182F118A00E45F9D /* Project Proposal.pdf in Resources */,
				05098F2A17B62859009D4FF5 /* Images.xcassets in Resources */,
				050ACB1A189A4F41006F74DD /* Network.plist in Resources */,
				05C702FC189C9BE700E0AC35 /* Professions.plist in Resources */,
				05CDCD2217BA0D3C00BA12E3 /* Groups.plist in Resources */,
			);
			runOnlyForDeploymentPostprocessing = 0;
		};
		05098F2D17B62859009D4FF5 /* Resources */ = {
			isa = PBXResourcesBuildPhase;
			buildActionMask = 2147483647;
			files = (
				05098F4817B62BC8009D4FF5 /* MainStoryboard_iPhone.storyboard in Resources */,
				05CDCD2317BA0D3C00BA12E3 /* Groups.plist in Resources */,
				05098F3B17B62859009D4FF5 /* InfoPlist.strings in Resources */,
			);
			runOnlyForDeploymentPostprocessing = 0;
		};
/* End PBXResourcesBuildPhase section */

/* Begin PBXShellScriptBuildPhase section */
		1CCB5E19B38E4655AE643056 /* Copy Pods Resources */ = {
			isa = PBXShellScriptBuildPhase;
			buildActionMask = 2147483647;
			files = (
			);
			inputPaths = (
			);
			name = "Copy Pods Resources";
			outputPaths = (
			);
			runOnlyForDeploymentPostprocessing = 0;
			shellPath = /bin/sh;
			shellScript = "\"${SRCROOT}/Pods/Pods-DOMATI-resources.sh\"\n";
			showEnvVarsInLog = 0;
		};
		8AAA5317B92C48F18363D6E5 /* Check Pods Manifest.lock */ = {
			isa = PBXShellScriptBuildPhase;
			buildActionMask = 2147483647;
			files = (
			);
			inputPaths = (
			);
			name = "Check Pods Manifest.lock";
			outputPaths = (
			);
			runOnlyForDeploymentPostprocessing = 0;
			shellPath = /bin/sh;
			shellScript = "diff \"${PODS_ROOT}/../Podfile.lock\" \"${PODS_ROOT}/Manifest.lock\" > /dev/null\nif [[ $? != 0 ]] ; then\n    cat << EOM\nerror: The sandbox is not in sync with the Podfile.lock. Run 'pod install' or update your CocoaPods installation.\nEOM\n    exit 1\nfi\n";
			showEnvVarsInLog = 0;
		};
/* End PBXShellScriptBuildPhase section */

/* Begin PBXSourcesBuildPhase section */
		05098F1017B62859009D4FF5 /* Sources */ = {
			isa = PBXSourcesBuildPhase;
			buildActionMask = 2147483647;
			files = (
				058FFC0117D9FA0B008ECB1B /* DOMCalibrationListViewController.m in Sources */,
				05098F2417B62859009D4FF5 /* main.m in Sources */,
				05C702F1189C8D8A00E0AC35 /* DOMYearsPickerHandler.m in Sources */,
				050ACB18189A4ED1006F74DD /* DOMDataFile+Extension.m in Sources */,
				0543012B181D55660077435C /* DOMTableViewCell.m in Sources */,
				05CDCD2917BA107800BA12E3 /* DOMFingerCell.m in Sources */,
				05098F5317B62F7D009D4FF5 /* DOMInfoViewController.m in Sources */,
				054C30A317B7363000ABC9CF /* DOMCalibrationDataViewController.m in Sources */,
				05D273DA181E65930005E31E /* DOMNavigationBar.m in Sources */,
				05098F4B17B62CF8009D4FF5 /* DOMObjectModelViewController.m in Sources */,
				05430128181D23ED0077435C /* DOMThemeResources.m in Sources */,
				05C702FA189C9BC200E0AC35 /* DOMProfessionPickerHandler.m in Sources */,
				0555262D1838BA9900659796 /* DOMGenderSegmentCell.m in Sources */,
				05457F96183104A2005CDEC4 /* DOMCalibrationPresenter.m in Sources */,
				05D273D7181E657C0005E31E /* DOMTableView.m in Sources */,
				05563B80182492CA00952A9E /* DOMStrengthGestureRecognizer.m in Sources */,
				05430131181D5B3A0077435C /* DOMNavigationController.m in Sources */,
				059F3689182494B700927A2A /* DOMMotionManager.m in Sources */,
				0555262A1838BA0500659796 /* DOMSegmentCell.m in Sources */,
				05AB7A351883B39900FDCBE6 /* NSError+Extension.m in Sources */,
				054C30AC17B7368200ABC9CF /* DOMCalibrationMothDetailViewController.m in Sources */,
				05C702F7189C8DF500E0AC35 /* DOMPickerHandler.m in Sources */,
				05A5FD6A183A2DBF000F57C4 /* DOMTouchData.m in Sources */,
				050A8F40189CCBE30073E487 /* DOMCalibrationViewController.m in Sources */,
				058FFC2617DA0AE0008ECB1B /* DOMCoreDataManager.m in Sources */,
				058FFC0517D9FAE1008ECB1B /* DOMATI.xcdatamodeld in Sources */,
				0567AB0E189BE6E300BB74AF /* DOMTextFieldCell.m in Sources */,
				051A8E291830C7EA007F9DCD /* DOMUserInfoViewController.m in Sources */,
				05087D701824DE8300219AA7 /* DOMTouchData+Extension.m in Sources */,
				056D2BF71896444100C5910A /* DOMWelcomeViewController.m in Sources */,
				05098F2817B62859009D4FF5 /* DOMAppDelegate.m in Sources */,
				050ACB15189A4DAC006F74DD /* DOMRequestOperationManager.m in Sources */,
				051A8E341830CB52007F9DCD /* DOMPickerCell.m in Sources */,
				059F368E18249D0900927A2A /* DOMErrors.m in Sources */,
				056D2C011897D44500C5910A /* DOMUser.m in Sources */,
				05087D791824E65600219AA7 /* DOMDataFile.m in Sources */,
				0598D8CE1824F040007A526F /* UITouch+Extension.m in Sources */,
				05F0780C181CC4D2006EA8B0 /* DOMThemeManager.m in Sources */,
				05C702F4189C8DBD00E0AC35 /* DOMExperiencePickerHandler.m in Sources */,
				05A5FD6D183A2F8F000F57C4 /* DOMCircleTouchView.m in Sources */,
				05CDCD1F17BA0B7F00BA12E3 /* DOMGroupSelectionViewController.m in Sources */,
				054C30A817B7366800ABC9CF /* DOMCalibrationMonthsViewController.m in Sources */,
				05D273DF181E67110005E31E /* UITextView+Sharing.m in Sources */,
				054BA47717B778CB005532CE /* DOMCalibrationExpiryViewController.m in Sources */,
				05D273E2181E67B70005E31E /* DOMProjectSummaryViewController.m in Sources */,
				05577B4F17B78B5D007802E6 /* DOMPreviewItem.m in Sources */,
				058FFC2217DA0AB0008ECB1B /* NSManagedObject+Appulse.m in Sources */,
			);
			runOnlyForDeploymentPostprocessing = 0;
		};
		05098F2B17B62859009D4FF5 /* Sources */ = {
			isa = PBXSourcesBuildPhase;
			buildActionMask = 2147483647;
			files = (
				05098F5417B62F7D009D4FF5 /* DOMInfoViewController.m in Sources */,
				05098F4C17B62CF8009D4FF5 /* DOMObjectModelViewController.m in Sources */,
				05CDCD2A17BA107800BA12E3 /* DOMFingerCell.m in Sources */,
				054BA47817B778CB005532CE /* DOMCalibrationExpiryViewController.m in Sources */,
				05CDCD2017BA0B7F00BA12E3 /* DOMGroupSelectionViewController.m in Sources */,
				058FFC2717DA0AE0008ECB1B /* DOMCoreDataManager.m in Sources */,
				054C30A417B7363000ABC9CF /* DOMCalibrationDataViewController.m in Sources */,
				05577B5017B78B5D007802E6 /* DOMPreviewItem.m in Sources */,
				054C30AD17B7368200ABC9CF /* DOMCalibrationMothDetailViewController.m in Sources */,
				054C30A917B7366800ABC9CF /* DOMCalibrationMonthsViewController.m in Sources */,
				058FFC0217D9FA0B008ECB1B /* DOMCalibrationListViewController.m in Sources */,
				05098F3D17B62859009D4FF5 /* DOMATITests.m in Sources */,
				058FFC2317DA0AB0008ECB1B /* NSManagedObject+Appulse.m in Sources */,
				058FFC0617D9FAE1008ECB1B /* DOMATI.xcdatamodeld in Sources */,
			);
			runOnlyForDeploymentPostprocessing = 0;
		};
/* End PBXSourcesBuildPhase section */

/* Begin PBXTargetDependency section */
		05098F3517B62859009D4FF5 /* PBXTargetDependency */ = {
			isa = PBXTargetDependency;
			target = 05098F1317B62859009D4FF5 /* DOMATI */;
			targetProxy = 05098F3417B62859009D4FF5 /* PBXContainerItemProxy */;
		};
/* End PBXTargetDependency section */

/* Begin PBXVariantGroup section */
		05098F2017B62859009D4FF5 /* InfoPlist.strings */ = {
			isa = PBXVariantGroup;
			children = (
				05098F2117B62859009D4FF5 /* en */,
			);
			name = InfoPlist.strings;
			sourceTree = "<group>";
		};
		05098F3917B62859009D4FF5 /* InfoPlist.strings */ = {
			isa = PBXVariantGroup;
			children = (
				05098F3A17B62859009D4FF5 /* en */,
			);
			name = InfoPlist.strings;
			sourceTree = "<group>";
		};
/* End PBXVariantGroup section */

/* Begin XCBuildConfiguration section */
		05098F3E17B62859009D4FF5 /* Debug */ = {
			isa = XCBuildConfiguration;
			buildSettings = {
				ALWAYS_SEARCH_USER_PATHS = NO;
				CLANG_CXX_LANGUAGE_STANDARD = "gnu++0x";
				CLANG_CXX_LIBRARY = "libc++";
				CLANG_ENABLE_MODULES = YES;
				CLANG_ENABLE_OBJC_ARC = YES;
				CLANG_WARN_BOOL_CONVERSION = YES;
				CLANG_WARN_CONSTANT_CONVERSION = YES;
				CLANG_WARN_DIRECT_OBJC_ISA_USAGE = YES_ERROR;
				CLANG_WARN_EMPTY_BODY = YES;
				CLANG_WARN_ENUM_CONVERSION = YES;
				CLANG_WARN_INT_CONVERSION = YES;
				CLANG_WARN_OBJC_ROOT_CLASS = YES_ERROR;
				CLANG_WARN__DUPLICATE_METHOD_MATCH = YES;
				"CODE_SIGN_IDENTITY[sdk=iphoneos*]" = "iPhone Developer";
				COPY_PHASE_STRIP = NO;
				GCC_C_LANGUAGE_STANDARD = gnu99;
				GCC_DYNAMIC_NO_PIC = NO;
				GCC_OPTIMIZATION_LEVEL = 0;
				GCC_PREPROCESSOR_DEFINITIONS = (
					"DEBUG=1",
					"$(inherited)",
				);
				GCC_SYMBOLS_PRIVATE_EXTERN = NO;
				GCC_WARN_ABOUT_RETURN_TYPE = YES_ERROR;
				GCC_WARN_UNDECLARED_SELECTOR = YES;
				GCC_WARN_UNINITIALIZED_AUTOS = YES;
				GCC_WARN_UNUSED_FUNCTION = YES;
				GCC_WARN_UNUSED_VARIABLE = YES;
				IPHONEOS_DEPLOYMENT_TARGET = 7.0;
				ONLY_ACTIVE_ARCH = YES;
				SDKROOT = iphoneos;
				TARGETED_DEVICE_FAMILY = "1,2";
			};
			name = Debug;
		};
		05098F3F17B62859009D4FF5 /* Release */ = {
			isa = XCBuildConfiguration;
			buildSettings = {
				ALWAYS_SEARCH_USER_PATHS = NO;
				CLANG_CXX_LANGUAGE_STANDARD = "gnu++0x";
				CLANG_CXX_LIBRARY = "libc++";
				CLANG_ENABLE_MODULES = YES;
				CLANG_ENABLE_OBJC_ARC = YES;
				CLANG_WARN_BOOL_CONVERSION = YES;
				CLANG_WARN_CONSTANT_CONVERSION = YES;
				CLANG_WARN_DIRECT_OBJC_ISA_USAGE = YES_ERROR;
				CLANG_WARN_EMPTY_BODY = YES;
				CLANG_WARN_ENUM_CONVERSION = YES;
				CLANG_WARN_INT_CONVERSION = YES;
				CLANG_WARN_OBJC_ROOT_CLASS = YES_ERROR;
				CLANG_WARN__DUPLICATE_METHOD_MATCH = YES;
				"CODE_SIGN_IDENTITY[sdk=iphoneos*]" = "iPhone Developer";
				COPY_PHASE_STRIP = YES;
				ENABLE_NS_ASSERTIONS = NO;
				GCC_C_LANGUAGE_STANDARD = gnu99;
				GCC_WARN_ABOUT_RETURN_TYPE = YES_ERROR;
				GCC_WARN_UNDECLARED_SELECTOR = YES;
				GCC_WARN_UNINITIALIZED_AUTOS = YES;
				GCC_WARN_UNUSED_FUNCTION = YES;
				GCC_WARN_UNUSED_VARIABLE = YES;
				IPHONEOS_DEPLOYMENT_TARGET = 7.0;
				SDKROOT = iphoneos;
				TARGETED_DEVICE_FAMILY = "1,2";
				VALIDATE_PRODUCT = YES;
			};
			name = Release;
		};
		05098F4117B62859009D4FF5 /* Debug */ = {
			isa = XCBuildConfiguration;
			baseConfigurationReference = 63A432A8A6054321847F6A3E /* Pods-DOMATI.xcconfig */;
			buildSettings = {
				ASSETCATALOG_COMPILER_APPICON_NAME = AppIcon;
				ASSETCATALOG_COMPILER_LAUNCHIMAGE_NAME = LaunchImage;
				CODE_SIGN_ENTITLEMENTS = DOMATI/DOMATI.entitlements;
				CODE_SIGN_IDENTITY = "iPhone Developer: Jad Osseiran (SCC6WVZ543)";
				"CODE_SIGN_IDENTITY[sdk=iphoneos*]" = "iPhone Developer: Jad Osseiran (SCC6WVZ543)";
				GCC_PRECOMPILE_PREFIX_HEADER = YES;
				GCC_PREFIX_HEADER = "DOMATI/DOMATI-Prefix.pch";
				INFOPLIST_FILE = "DOMATI/DOMATI-Info.plist";
				IPHONEOS_DEPLOYMENT_TARGET = 7.0;
				PRODUCT_NAME = "$(TARGET_NAME)";
				PROVISIONING_PROFILE = "E8C89BC2-6AB8-42C8-96D3-E6997400A29C";
				TARGETED_DEVICE_FAMILY = "1,2";
				WRAPPER_EXTENSION = app;
			};
			name = Debug;
		};
		05098F4217B62859009D4FF5 /* Release */ = {
			isa = XCBuildConfiguration;
			baseConfigurationReference = 63A432A8A6054321847F6A3E /* Pods-DOMATI.xcconfig */;
			buildSettings = {
				ASSETCATALOG_COMPILER_APPICON_NAME = AppIcon;
				ASSETCATALOG_COMPILER_LAUNCHIMAGE_NAME = LaunchImage;
				CODE_SIGN_ENTITLEMENTS = DOMATI/DOMATI.entitlements;
				CODE_SIGN_IDENTITY = "iPhone Developer: Jad Osseiran (SCC6WVZ543)";
				"CODE_SIGN_IDENTITY[sdk=iphoneos*]" = "iPhone Developer: Jad Osseiran (SCC6WVZ543)";
				GCC_PRECOMPILE_PREFIX_HEADER = YES;
				GCC_PREFIX_HEADER = "DOMATI/DOMATI-Prefix.pch";
				INFOPLIST_FILE = "DOMATI/DOMATI-Info.plist";
				IPHONEOS_DEPLOYMENT_TARGET = 7.0;
				PRODUCT_NAME = "$(TARGET_NAME)";
				PROVISIONING_PROFILE = "E8C89BC2-6AB8-42C8-96D3-E6997400A29C";
				TARGETED_DEVICE_FAMILY = "1,2";
				WRAPPER_EXTENSION = app;
			};
			name = Release;
		};
		05098F4417B62859009D4FF5 /* Debug */ = {
			isa = XCBuildConfiguration;
			buildSettings = {
				BUNDLE_LOADER = "$(BUILT_PRODUCTS_DIR)/DOMATI.app/DOMATI";
				FRAMEWORK_SEARCH_PATHS = (
					"$(SDKROOT)/Developer/Library/Frameworks",
					"$(inherited)",
					"$(DEVELOPER_FRAMEWORKS_DIR)",
				);
				GCC_PRECOMPILE_PREFIX_HEADER = YES;
				GCC_PREFIX_HEADER = "DOMATI/DOMATI-Prefix.pch";
				GCC_PREPROCESSOR_DEFINITIONS = (
					"DEBUG=1",
					"$(inherited)",
				);
				INFOPLIST_FILE = "DOMATITests/DOMATITests-Info.plist";
				PRODUCT_NAME = "$(TARGET_NAME)";
				TEST_HOST = "$(BUNDLE_LOADER)";
				WRAPPER_EXTENSION = xctest;
			};
			name = Debug;
		};
		05098F4517B62859009D4FF5 /* Release */ = {
			isa = XCBuildConfiguration;
			buildSettings = {
				BUNDLE_LOADER = "$(BUILT_PRODUCTS_DIR)/DOMATI.app/DOMATI";
				FRAMEWORK_SEARCH_PATHS = (
					"$(SDKROOT)/Developer/Library/Frameworks",
					"$(inherited)",
					"$(DEVELOPER_FRAMEWORKS_DIR)",
				);
				GCC_PRECOMPILE_PREFIX_HEADER = YES;
				GCC_PREFIX_HEADER = "DOMATI/DOMATI-Prefix.pch";
				INFOPLIST_FILE = "DOMATITests/DOMATITests-Info.plist";
				PRODUCT_NAME = "$(TARGET_NAME)";
				TEST_HOST = "$(BUNDLE_LOADER)";
				WRAPPER_EXTENSION = xctest;
			};
			name = Release;
		};
/* End XCBuildConfiguration section */

/* Begin XCConfigurationList section */
		05098F0F17B62859009D4FF5 /* Build configuration list for PBXProject "DOMATI" */ = {
			isa = XCConfigurationList;
			buildConfigurations = (
				05098F3E17B62859009D4FF5 /* Debug */,
				05098F3F17B62859009D4FF5 /* Release */,
			);
			defaultConfigurationIsVisible = 0;
			defaultConfigurationName = Release;
		};
		05098F4017B62859009D4FF5 /* Build configuration list for PBXNativeTarget "DOMATI" */ = {
			isa = XCConfigurationList;
			buildConfigurations = (
				05098F4117B62859009D4FF5 /* Debug */,
				05098F4217B62859009D4FF5 /* Release */,
			);
			defaultConfigurationIsVisible = 0;
			defaultConfigurationName = Release;
		};
		05098F4317B62859009D4FF5 /* Build configuration list for PBXNativeTarget "DOMATITests" */ = {
			isa = XCConfigurationList;
			buildConfigurations = (
				05098F4417B62859009D4FF5 /* Debug */,
				05098F4517B62859009D4FF5 /* Release */,
			);
			defaultConfigurationIsVisible = 0;
			defaultConfigurationName = Release;
		};
/* End XCConfigurationList section */

/* Begin XCVersionGroup section */
		058FFC0317D9FAE1008ECB1B /* DOMATI.xcdatamodeld */ = {
			isa = XCVersionGroup;
			children = (
				058FFC0417D9FAE1008ECB1B /* DOMATI.xcdatamodel */,
			);
			currentVersion = 058FFC0417D9FAE1008ECB1B /* DOMATI.xcdatamodel */;
			path = DOMATI.xcdatamodeld;
			sourceTree = "<group>";
			versionGroupType = wrapper.xcdatamodel;
		};
/* End XCVersionGroup section */
	};
	rootObject = 05098F0C17B62859009D4FF5 /* Project object */;
}
